// !$*UTF8*$!
{
	archiveVersion = 1;
	classes = {
	};
	objectVersion = 51;
	objects = {

/* Begin PBXBuildFile section */
		0A25E15F15034D1FC76D9E24 /* Pods_EvangVitalDataTests.framework in Frameworks */ = {isa = PBXBuildFile; fileRef = 42019A0BABF5E8562AEC10EA /* Pods_EvangVitalDataTests.framework */; };
		2DEA9AE79BD893D242FCFC31 /* Pods_EvangVitalData_EvangVitalDataUITests.framework in Frameworks */ = {isa = PBXBuildFile; fileRef = 9ECC8D9A6C54053FA2A67404 /* Pods_EvangVitalData_EvangVitalDataUITests.framework */; };
		BA2BC72A23DD9866001243EB /* AppDelegate.swift in Sources */ = {isa = PBXBuildFile; fileRef = BA2BC72923DD9866001243EB /* AppDelegate.swift */; };
		BA2BC72C23DD9866001243EB /* SceneDelegate.swift in Sources */ = {isa = PBXBuildFile; fileRef = BA2BC72B23DD9866001243EB /* SceneDelegate.swift */; };
		BA2BC72E23DD9866001243EB /* ViewController.swift in Sources */ = {isa = PBXBuildFile; fileRef = BA2BC72D23DD9866001243EB /* ViewController.swift */; };
		BA2BC73123DD9866001243EB /* Main.storyboard in Resources */ = {isa = PBXBuildFile; fileRef = BA2BC72F23DD9866001243EB /* Main.storyboard */; };
		BA2BC73323DD9868001243EB /* Assets.xcassets in Resources */ = {isa = PBXBuildFile; fileRef = BA2BC73223DD9868001243EB /* Assets.xcassets */; };
		BA2BC73623DD9868001243EB /* LaunchScreen.storyboard in Resources */ = {isa = PBXBuildFile; fileRef = BA2BC73423DD9868001243EB /* LaunchScreen.storyboard */; };
		BA2BC74123DD9868001243EB /* EvangVitalDataTests.swift in Sources */ = {isa = PBXBuildFile; fileRef = BA2BC74023DD9868001243EB /* EvangVitalDataTests.swift */; };
		BA2BC74C23DD9868001243EB /* EvangVitalDataUITests.swift in Sources */ = {isa = PBXBuildFile; fileRef = BA2BC74B23DD9868001243EB /* EvangVitalDataUITests.swift */; };
		BA2BC75B23DD98D1001243EB /* Exam.storyboard in Resources */ = {isa = PBXBuildFile; fileRef = BA2BC75A23DD98D1001243EB /* Exam.storyboard */; };
		BA2BC75D23DD98EF001243EB /* ExamViewController.swift in Sources */ = {isa = PBXBuildFile; fileRef = BA2BC75C23DD98EF001243EB /* ExamViewController.swift */; };
		BA2BC76123DDBC63001243EB /* CustomNavigationView.xib in Resources */ = {isa = PBXBuildFile; fileRef = BA2BC76023DDBC63001243EB /* CustomNavigationView.xib */; };
		BA2BC76323DDBC6E001243EB /* CustomNavigationView.swift in Sources */ = {isa = PBXBuildFile; fileRef = BA2BC76223DDBC6E001243EB /* CustomNavigationView.swift */; };
		BA2BC76523DDBE26001243EB /* R.generated.swift in Sources */ = {isa = PBXBuildFile; fileRef = BA2BC76423DDBE26001243EB /* R.generated.swift */; };
		F8F4AD9D29B6410266E58F8F /* Pods_EvangVitalData.framework in Frameworks */ = {isa = PBXBuildFile; fileRef = 1744DDBE771CE870342C0EC7 /* Pods_EvangVitalData.framework */; };
/* End PBXBuildFile section */

/* Begin PBXContainerItemProxy section */
		BA2BC73D23DD9868001243EB /* PBXContainerItemProxy */ = {
			isa = PBXContainerItemProxy;
			containerPortal = BA2BC71E23DD9866001243EB /* Project object */;
			proxyType = 1;
			remoteGlobalIDString = BA2BC72523DD9866001243EB;
			remoteInfo = EvangVitalData;
		};
		BA2BC74823DD9868001243EB /* PBXContainerItemProxy */ = {
			isa = PBXContainerItemProxy;
			containerPortal = BA2BC71E23DD9866001243EB /* Project object */;
			proxyType = 1;
			remoteGlobalIDString = BA2BC72523DD9866001243EB;
			remoteInfo = EvangVitalData;
		};
/* End PBXContainerItemProxy section */

/* Begin PBXFileReference section */
		1744DDBE771CE870342C0EC7 /* Pods_EvangVitalData.framework */ = {isa = PBXFileReference; explicitFileType = wrapper.framework; includeInIndex = 0; path = Pods_EvangVitalData.framework; sourceTree = BUILT_PRODUCTS_DIR; };
		1A5585590EDEDADFC476E452 /* Pods-EvangVitalData.release.xcconfig */ = {isa = PBXFileReference; includeInIndex = 1; lastKnownFileType = text.xcconfig; name = "Pods-EvangVitalData.release.xcconfig"; path = "Target Support Files/Pods-EvangVitalData/Pods-EvangVitalData.release.xcconfig"; sourceTree = "<group>"; };
		42019A0BABF5E8562AEC10EA /* Pods_EvangVitalDataTests.framework */ = {isa = PBXFileReference; explicitFileType = wrapper.framework; includeInIndex = 0; path = Pods_EvangVitalDataTests.framework; sourceTree = BUILT_PRODUCTS_DIR; };
		51CF814CBDF2C8F43A443930 /* Pods-EvangVitalDataTests.debug.xcconfig */ = {isa = PBXFileReference; includeInIndex = 1; lastKnownFileType = text.xcconfig; name = "Pods-EvangVitalDataTests.debug.xcconfig"; path = "Target Support Files/Pods-EvangVitalDataTests/Pods-EvangVitalDataTests.debug.xcconfig"; sourceTree = "<group>"; };
		6D625CB565DCAB2F2649EF90 /* Pods-EvangVitalData-EvangVitalDataUITests.release.xcconfig */ = {isa = PBXFileReference; includeInIndex = 1; lastKnownFileType = text.xcconfig; name = "Pods-EvangVitalData-EvangVitalDataUITests.release.xcconfig"; path = "Target Support Files/Pods-EvangVitalData-EvangVitalDataUITests/Pods-EvangVitalData-EvangVitalDataUITests.release.xcconfig"; sourceTree = "<group>"; };
		9ECC8D9A6C54053FA2A67404 /* Pods_EvangVitalData_EvangVitalDataUITests.framework */ = {isa = PBXFileReference; explicitFileType = wrapper.framework; includeInIndex = 0; path = Pods_EvangVitalData_EvangVitalDataUITests.framework; sourceTree = BUILT_PRODUCTS_DIR; };
		BA2BC72623DD9866001243EB /* EvangVitalData.app */ = {isa = PBXFileReference; explicitFileType = wrapper.application; includeInIndex = 0; path = EvangVitalData.app; sourceTree = BUILT_PRODUCTS_DIR; };
		BA2BC72923DD9866001243EB /* AppDelegate.swift */ = {isa = PBXFileReference; lastKnownFileType = sourcecode.swift; path = AppDelegate.swift; sourceTree = "<group>"; };
		BA2BC72B23DD9866001243EB /* SceneDelegate.swift */ = {isa = PBXFileReference; lastKnownFileType = sourcecode.swift; path = SceneDelegate.swift; sourceTree = "<group>"; };
		BA2BC72D23DD9866001243EB /* ViewController.swift */ = {isa = PBXFileReference; lastKnownFileType = sourcecode.swift; path = ViewController.swift; sourceTree = "<group>"; };
		BA2BC73023DD9866001243EB /* Base */ = {isa = PBXFileReference; lastKnownFileType = file.storyboard; name = Base; path = Base.lproj/Main.storyboard; sourceTree = "<group>"; };
		BA2BC73223DD9868001243EB /* Assets.xcassets */ = {isa = PBXFileReference; lastKnownFileType = folder.assetcatalog; path = Assets.xcassets; sourceTree = "<group>"; };
		BA2BC73523DD9868001243EB /* Base */ = {isa = PBXFileReference; lastKnownFileType = file.storyboard; name = Base; path = Base.lproj/LaunchScreen.storyboard; sourceTree = "<group>"; };
		BA2BC73723DD9868001243EB /* Info.plist */ = {isa = PBXFileReference; lastKnownFileType = text.plist.xml; path = Info.plist; sourceTree = "<group>"; };
		BA2BC73C23DD9868001243EB /* EvangVitalDataTests.xctest */ = {isa = PBXFileReference; explicitFileType = wrapper.cfbundle; includeInIndex = 0; path = EvangVitalDataTests.xctest; sourceTree = BUILT_PRODUCTS_DIR; };
		BA2BC74023DD9868001243EB /* EvangVitalDataTests.swift */ = {isa = PBXFileReference; lastKnownFileType = sourcecode.swift; path = EvangVitalDataTests.swift; sourceTree = "<group>"; };
		BA2BC74223DD9868001243EB /* Info.plist */ = {isa = PBXFileReference; lastKnownFileType = text.plist.xml; path = Info.plist; sourceTree = "<group>"; };
		BA2BC74723DD9868001243EB /* EvangVitalDataUITests.xctest */ = {isa = PBXFileReference; explicitFileType = wrapper.cfbundle; includeInIndex = 0; path = EvangVitalDataUITests.xctest; sourceTree = BUILT_PRODUCTS_DIR; };
		BA2BC74B23DD9868001243EB /* EvangVitalDataUITests.swift */ = {isa = PBXFileReference; lastKnownFileType = sourcecode.swift; path = EvangVitalDataUITests.swift; sourceTree = "<group>"; };
		BA2BC74D23DD9868001243EB /* Info.plist */ = {isa = PBXFileReference; lastKnownFileType = text.plist.xml; path = Info.plist; sourceTree = "<group>"; };
		BA2BC75A23DD98D1001243EB /* Exam.storyboard */ = {isa = PBXFileReference; lastKnownFileType = file.storyboard; path = Exam.storyboard; sourceTree = "<group>"; };
		BA2BC75C23DD98EF001243EB /* ExamViewController.swift */ = {isa = PBXFileReference; lastKnownFileType = sourcecode.swift; path = ExamViewController.swift; sourceTree = "<group>"; };
		BA2BC76023DDBC63001243EB /* CustomNavigationView.xib */ = {isa = PBXFileReference; lastKnownFileType = file.xib; path = CustomNavigationView.xib; sourceTree = "<group>"; };
		BA2BC76223DDBC6E001243EB /* CustomNavigationView.swift */ = {isa = PBXFileReference; lastKnownFileType = sourcecode.swift; path = CustomNavigationView.swift; sourceTree = "<group>"; };
		BA2BC76423DDBE26001243EB /* R.generated.swift */ = {isa = PBXFileReference; fileEncoding = 4; lastKnownFileType = sourcecode.swift; path = R.generated.swift; sourceTree = SOURCE_ROOT; };
		BAD3C9CA01020CC5F9678C48 /* Pods-EvangVitalDataTests.release.xcconfig */ = {isa = PBXFileReference; includeInIndex = 1; lastKnownFileType = text.xcconfig; name = "Pods-EvangVitalDataTests.release.xcconfig"; path = "Target Support Files/Pods-EvangVitalDataTests/Pods-EvangVitalDataTests.release.xcconfig"; sourceTree = "<group>"; };
		DB6B6FE36D325BDBE8FA0343 /* Pods-EvangVitalData-EvangVitalDataUITests.debug.xcconfig */ = {isa = PBXFileReference; includeInIndex = 1; lastKnownFileType = text.xcconfig; name = "Pods-EvangVitalData-EvangVitalDataUITests.debug.xcconfig"; path = "Target Support Files/Pods-EvangVitalData-EvangVitalDataUITests/Pods-EvangVitalData-EvangVitalDataUITests.debug.xcconfig"; sourceTree = "<group>"; };
		DD8EE485ED484454CFD1ABC5 /* Pods-EvangVitalData.debug.xcconfig */ = {isa = PBXFileReference; includeInIndex = 1; lastKnownFileType = text.xcconfig; name = "Pods-EvangVitalData.debug.xcconfig"; path = "Target Support Files/Pods-EvangVitalData/Pods-EvangVitalData.debug.xcconfig"; sourceTree = "<group>"; };
/* End PBXFileReference section */

/* Begin PBXFrameworksBuildPhase section */
		BA2BC72323DD9866001243EB /* Frameworks */ = {
			isa = PBXFrameworksBuildPhase;
			buildActionMask = 2147483647;
			files = (
				F8F4AD9D29B6410266E58F8F /* Pods_EvangVitalData.framework in Frameworks */,
			);
			runOnlyForDeploymentPostprocessing = 0;
		};
		BA2BC73923DD9868001243EB /* Frameworks */ = {
			isa = PBXFrameworksBuildPhase;
			buildActionMask = 2147483647;
			files = (
				0A25E15F15034D1FC76D9E24 /* Pods_EvangVitalDataTests.framework in Frameworks */,
			);
			runOnlyForDeploymentPostprocessing = 0;
		};
		BA2BC74423DD9868001243EB /* Frameworks */ = {
			isa = PBXFrameworksBuildPhase;
			buildActionMask = 2147483647;
			files = (
				2DEA9AE79BD893D242FCFC31 /* Pods_EvangVitalData_EvangVitalDataUITests.framework in Frameworks */,
			);
			runOnlyForDeploymentPostprocessing = 0;
		};
/* End PBXFrameworksBuildPhase section */

/* Begin PBXGroup section */
		843247EF87DFC6AA2B26357A /* Frameworks */ = {
			isa = PBXGroup;
			children = (
				1744DDBE771CE870342C0EC7 /* Pods_EvangVitalData.framework */,
				9ECC8D9A6C54053FA2A67404 /* Pods_EvangVitalData_EvangVitalDataUITests.framework */,
				42019A0BABF5E8562AEC10EA /* Pods_EvangVitalDataTests.framework */,
			);
			name = Frameworks;
			sourceTree = "<group>";
		};
		BA2BC71D23DD9866001243EB = {
			isa = PBXGroup;
			children = (
				BA2BC72823DD9866001243EB /* EvangVitalData */,
				BA2BC73F23DD9868001243EB /* EvangVitalDataTests */,
				BA2BC74A23DD9868001243EB /* EvangVitalDataUITests */,
				BA2BC72723DD9866001243EB /* Products */,
				D57033267E33E6D7575A755D /* Pods */,
				843247EF87DFC6AA2B26357A /* Frameworks */,
			);
			sourceTree = "<group>";
		};
		BA2BC72723DD9866001243EB /* Products */ = {
			isa = PBXGroup;
			children = (
				BA2BC72623DD9866001243EB /* EvangVitalData.app */,
				BA2BC73C23DD9868001243EB /* EvangVitalDataTests.xctest */,
				BA2BC74723DD9868001243EB /* EvangVitalDataUITests.xctest */,
			);
			name = Products;
			sourceTree = "<group>";
		};
		BA2BC72823DD9866001243EB /* EvangVitalData */ = {
			isa = PBXGroup;
			children = (
				BA2BC75F23DDBC24001243EB /* Utils */,
				BA2BC75923DD98C5001243EB /* Exam */,
				BA2BC72923DD9866001243EB /* AppDelegate.swift */,
				BA2BC72B23DD9866001243EB /* SceneDelegate.swift */,
				BA2BC72D23DD9866001243EB /* ViewController.swift */,
				BA2BC72F23DD9866001243EB /* Main.storyboard */,
				BA2BC73223DD9868001243EB /* Assets.xcassets */,
				BA2BC73423DD9868001243EB /* LaunchScreen.storyboard */,
				BA2BC73723DD9868001243EB /* Info.plist */,
				BA2BC76423DDBE26001243EB /* R.generated.swift */,
			);
			path = EvangVitalData;
			sourceTree = "<group>";
		};
		BA2BC73F23DD9868001243EB /* EvangVitalDataTests */ = {
			isa = PBXGroup;
			children = (
				BA2BC74023DD9868001243EB /* EvangVitalDataTests.swift */,
				BA2BC74223DD9868001243EB /* Info.plist */,
			);
			path = EvangVitalDataTests;
			sourceTree = "<group>";
		};
		BA2BC74A23DD9868001243EB /* EvangVitalDataUITests */ = {
			isa = PBXGroup;
			children = (
				BA2BC74B23DD9868001243EB /* EvangVitalDataUITests.swift */,
				BA2BC74D23DD9868001243EB /* Info.plist */,
			);
			path = EvangVitalDataUITests;
			sourceTree = "<group>";
		};
		BA2BC75923DD98C5001243EB /* Exam */ = {
			isa = PBXGroup;
			children = (
				BA2BC75A23DD98D1001243EB /* Exam.storyboard */,
				BA2BC75C23DD98EF001243EB /* ExamViewController.swift */,
			);
			path = Exam;
			sourceTree = "<group>";
		};
		BA2BC75F23DDBC24001243EB /* Utils */ = {
			isa = PBXGroup;
			children = (
				BA2BC76023DDBC63001243EB /* CustomNavigationView.xib */,
				BA2BC76223DDBC6E001243EB /* CustomNavigationView.swift */,
			);
			path = Utils;
			sourceTree = "<group>";
		};
		D57033267E33E6D7575A755D /* Pods */ = {
			isa = PBXGroup;
			children = (
				DD8EE485ED484454CFD1ABC5 /* Pods-EvangVitalData.debug.xcconfig */,
				1A5585590EDEDADFC476E452 /* Pods-EvangVitalData.release.xcconfig */,
				DB6B6FE36D325BDBE8FA0343 /* Pods-EvangVitalData-EvangVitalDataUITests.debug.xcconfig */,
				6D625CB565DCAB2F2649EF90 /* Pods-EvangVitalData-EvangVitalDataUITests.release.xcconfig */,
				51CF814CBDF2C8F43A443930 /* Pods-EvangVitalDataTests.debug.xcconfig */,
				BAD3C9CA01020CC5F9678C48 /* Pods-EvangVitalDataTests.release.xcconfig */,
			);
			path = Pods;
			sourceTree = "<group>";
		};
/* End PBXGroup section */

/* Begin PBXNativeTarget section */
		BA2BC72523DD9866001243EB /* EvangVitalData */ = {
			isa = PBXNativeTarget;
			buildConfigurationList = BA2BC75023DD9868001243EB /* Build configuration list for PBXNativeTarget "EvangVitalData" */;
			buildPhases = (
				F8C247419FBDC790950AA161 /* [CP] Check Pods Manifest.lock */,
				BA2BC75E23DDBB96001243EB /* ShellScript */,
				BA2BC72223DD9866001243EB /* Sources */,
				BA2BC72323DD9866001243EB /* Frameworks */,
				BA2BC72423DD9866001243EB /* Resources */,
				2D1D1604E8EF9CE9E8F464BE /* [CP] Embed Pods Frameworks */,
			);
			buildRules = (
			);
			dependencies = (
			);
			name = EvangVitalData;
			productName = EvangVitalData;
			productReference = BA2BC72623DD9866001243EB /* EvangVitalData.app */;
			productType = "com.apple.product-type.application";
		};
		BA2BC73B23DD9868001243EB /* EvangVitalDataTests */ = {
			isa = PBXNativeTarget;
			buildConfigurationList = BA2BC75323DD9868001243EB /* Build configuration list for PBXNativeTarget "EvangVitalDataTests" */;
			buildPhases = (
				1C5A4866C4CA7B50EF98B129 /* [CP] Check Pods Manifest.lock */,
				BA2BC73823DD9868001243EB /* Sources */,
				BA2BC73923DD9868001243EB /* Frameworks */,
				BA2BC73A23DD9868001243EB /* Resources */,
			);
			buildRules = (
			);
			dependencies = (
				BA2BC73E23DD9868001243EB /* PBXTargetDependency */,
			);
			name = EvangVitalDataTests;
			productName = EvangVitalDataTests;
			productReference = BA2BC73C23DD9868001243EB /* EvangVitalDataTests.xctest */;
			productType = "com.apple.product-type.bundle.unit-test";
		};
		BA2BC74623DD9868001243EB /* EvangVitalDataUITests */ = {
			isa = PBXNativeTarget;
			buildConfigurationList = BA2BC75623DD9868001243EB /* Build configuration list for PBXNativeTarget "EvangVitalDataUITests" */;
			buildPhases = (
				4E4C45DE681201258478A02C /* [CP] Check Pods Manifest.lock */,
				BA2BC74323DD9868001243EB /* Sources */,
				BA2BC74423DD9868001243EB /* Frameworks */,
				BA2BC74523DD9868001243EB /* Resources */,
				3B8A64EC357E1D63AB38E591 /* [CP] Embed Pods Frameworks */,
			);
			buildRules = (
			);
			dependencies = (
				BA2BC74923DD9868001243EB /* PBXTargetDependency */,
			);
			name = EvangVitalDataUITests;
			productName = EvangVitalDataUITests;
			productReference = BA2BC74723DD9868001243EB /* EvangVitalDataUITests.xctest */;
			productType = "com.apple.product-type.bundle.ui-testing";
		};
/* End PBXNativeTarget section */

/* Begin PBXProject section */
		BA2BC71E23DD9866001243EB /* Project object */ = {
			isa = PBXProject;
			attributes = {
				LastSwiftUpdateCheck = 1130;
				LastUpgradeCheck = 1130;
				ORGANIZATIONNAME = "塗木冴";
				TargetAttributes = {
					BA2BC72523DD9866001243EB = {
						CreatedOnToolsVersion = 11.3;
					};
					BA2BC73B23DD9868001243EB = {
						CreatedOnToolsVersion = 11.3;
						TestTargetID = BA2BC72523DD9866001243EB;
					};
					BA2BC74623DD9868001243EB = {
						CreatedOnToolsVersion = 11.3;
						TestTargetID = BA2BC72523DD9866001243EB;
					};
				};
			};
			buildConfigurationList = BA2BC72123DD9866001243EB /* Build configuration list for PBXProject "EvangVitalData" */;
			compatibilityVersion = "Xcode 9.3";
			developmentRegion = en;
			hasScannedForEncodings = 0;
			knownRegions = (
				en,
				Base,
			);
			mainGroup = BA2BC71D23DD9866001243EB;
			productRefGroup = BA2BC72723DD9866001243EB /* Products */;
			projectDirPath = "";
			projectRoot = "";
			targets = (
				BA2BC72523DD9866001243EB /* EvangVitalData */,
				BA2BC73B23DD9868001243EB /* EvangVitalDataTests */,
				BA2BC74623DD9868001243EB /* EvangVitalDataUITests */,
			);
		};
/* End PBXProject section */

/* Begin PBXResourcesBuildPhase section */
		BA2BC72423DD9866001243EB /* Resources */ = {
			isa = PBXResourcesBuildPhase;
			buildActionMask = 2147483647;
			files = (
				BA2BC73623DD9868001243EB /* LaunchScreen.storyboard in Resources */,
				BA2BC75B23DD98D1001243EB /* Exam.storyboard in Resources */,
				BA2BC73323DD9868001243EB /* Assets.xcassets in Resources */,
				BA2BC76123DDBC63001243EB /* CustomNavigationView.xib in Resources */,
				BA2BC73123DD9866001243EB /* Main.storyboard in Resources */,
			);
			runOnlyForDeploymentPostprocessing = 0;
		};
		BA2BC73A23DD9868001243EB /* Resources */ = {
			isa = PBXResourcesBuildPhase;
			buildActionMask = 2147483647;
			files = (
			);
			runOnlyForDeploymentPostprocessing = 0;
		};
		BA2BC74523DD9868001243EB /* Resources */ = {
			isa = PBXResourcesBuildPhase;
			buildActionMask = 2147483647;
			files = (
			);
			runOnlyForDeploymentPostprocessing = 0;
		};
/* End PBXResourcesBuildPhase section */

/* Begin PBXShellScriptBuildPhase section */
		1C5A4866C4CA7B50EF98B129 /* [CP] Check Pods Manifest.lock */ = {
			isa = PBXShellScriptBuildPhase;
			buildActionMask = 2147483647;
			files = (
			);
			inputFileListPaths = (
			);
			inputPaths = (
				"${PODS_PODFILE_DIR_PATH}/Podfile.lock",
				"${PODS_ROOT}/Manifest.lock",
			);
			name = "[CP] Check Pods Manifest.lock";
			outputFileListPaths = (
			);
			outputPaths = (
				"$(DERIVED_FILE_DIR)/Pods-EvangVitalDataTests-checkManifestLockResult.txt",
			);
			runOnlyForDeploymentPostprocessing = 0;
			shellPath = /bin/sh;
			shellScript = "diff \"${PODS_PODFILE_DIR_PATH}/Podfile.lock\" \"${PODS_ROOT}/Manifest.lock\" > /dev/null\nif [ $? != 0 ] ; then\n    # print error to STDERR\n    echo \"error: The sandbox is not in sync with the Podfile.lock. Run 'pod install' or update your CocoaPods installation.\" >&2\n    exit 1\nfi\n# This output is used by Xcode 'outputs' to avoid re-running this script phase.\necho \"SUCCESS\" > \"${SCRIPT_OUTPUT_FILE_0}\"\n";
			showEnvVarsInLog = 0;
		};
		2D1D1604E8EF9CE9E8F464BE /* [CP] Embed Pods Frameworks */ = {
			isa = PBXShellScriptBuildPhase;
			buildActionMask = 2147483647;
			files = (
			);
			inputFileListPaths = (
				"${PODS_ROOT}/Target Support Files/Pods-EvangVitalData/Pods-EvangVitalData-frameworks-${CONFIGURATION}-input-files.xcfilelist",
			);
			name = "[CP] Embed Pods Frameworks";
			outputFileListPaths = (
				"${PODS_ROOT}/Target Support Files/Pods-EvangVitalData/Pods-EvangVitalData-frameworks-${CONFIGURATION}-output-files.xcfilelist",
			);
			runOnlyForDeploymentPostprocessing = 0;
			shellPath = /bin/sh;
			shellScript = "\"${PODS_ROOT}/Target Support Files/Pods-EvangVitalData/Pods-EvangVitalData-frameworks.sh\"\n";
			showEnvVarsInLog = 0;
		};
		3B8A64EC357E1D63AB38E591 /* [CP] Embed Pods Frameworks */ = {
			isa = PBXShellScriptBuildPhase;
			buildActionMask = 2147483647;
			files = (
			);
			inputFileListPaths = (
				"${PODS_ROOT}/Target Support Files/Pods-EvangVitalData-EvangVitalDataUITests/Pods-EvangVitalData-EvangVitalDataUITests-frameworks-${CONFIGURATION}-input-files.xcfilelist",
			);
			name = "[CP] Embed Pods Frameworks";
			outputFileListPaths = (
				"${PODS_ROOT}/Target Support Files/Pods-EvangVitalData-EvangVitalDataUITests/Pods-EvangVitalData-EvangVitalDataUITests-frameworks-${CONFIGURATION}-output-files.xcfilelist",
			);
			runOnlyForDeploymentPostprocessing = 0;
			shellPath = /bin/sh;
			shellScript = "\"${PODS_ROOT}/Target Support Files/Pods-EvangVitalData-EvangVitalDataUITests/Pods-EvangVitalData-EvangVitalDataUITests-frameworks.sh\"\n";
			showEnvVarsInLog = 0;
		};
		4E4C45DE681201258478A02C /* [CP] Check Pods Manifest.lock */ = {
			isa = PBXShellScriptBuildPhase;
			buildActionMask = 2147483647;
			files = (
			);
			inputFileListPaths = (
			);
			inputPaths = (
				"${PODS_PODFILE_DIR_PATH}/Podfile.lock",
				"${PODS_ROOT}/Manifest.lock",
			);
			name = "[CP] Check Pods Manifest.lock";
			outputFileListPaths = (
			);
			outputPaths = (
				"$(DERIVED_FILE_DIR)/Pods-EvangVitalData-EvangVitalDataUITests-checkManifestLockResult.txt",
			);
			runOnlyForDeploymentPostprocessing = 0;
			shellPath = /bin/sh;
			shellScript = "diff \"${PODS_PODFILE_DIR_PATH}/Podfile.lock\" \"${PODS_ROOT}/Manifest.lock\" > /dev/null\nif [ $? != 0 ] ; then\n    # print error to STDERR\n    echo \"error: The sandbox is not in sync with the Podfile.lock. Run 'pod install' or update your CocoaPods installation.\" >&2\n    exit 1\nfi\n# This output is used by Xcode 'outputs' to avoid re-running this script phase.\necho \"SUCCESS\" > \"${SCRIPT_OUTPUT_FILE_0}\"\n";
			showEnvVarsInLog = 0;
		};
		BA2BC75E23DDBB96001243EB /* ShellScript */ = {
			isa = PBXShellScriptBuildPhase;
			buildActionMask = 2147483647;
			files = (
			);
			inputFileListPaths = (
			);
			inputPaths = (
				"$TEMP_DIR/rswift-lastrun",
			);
			outputFileListPaths = (
			);
			outputPaths = (
				$SRCROOT/R.generated.swift,
			);
			runOnlyForDeploymentPostprocessing = 0;
			shellPath = /bin/sh;
			shellScript = "\"$PODS_ROOT/R.swift/rswift\" generate \"$SRCROOT/R.generated.swift\"\n";
		};
		F8C247419FBDC790950AA161 /* [CP] Check Pods Manifest.lock */ = {
			isa = PBXShellScriptBuildPhase;
			buildActionMask = 2147483647;
			files = (
			);
			inputFileListPaths = (
			);
			inputPaths = (
				"${PODS_PODFILE_DIR_PATH}/Podfile.lock",
				"${PODS_ROOT}/Manifest.lock",
			);
			name = "[CP] Check Pods Manifest.lock";
			outputFileListPaths = (
			);
			outputPaths = (
				"$(DERIVED_FILE_DIR)/Pods-EvangVitalData-checkManifestLockResult.txt",
			);
			runOnlyForDeploymentPostprocessing = 0;
			shellPath = /bin/sh;
			shellScript = "diff \"${PODS_PODFILE_DIR_PATH}/Podfile.lock\" \"${PODS_ROOT}/Manifest.lock\" > /dev/null\nif [ $? != 0 ] ; then\n    # print error to STDERR\n    echo \"error: The sandbox is not in sync with the Podfile.lock. Run 'pod install' or update your CocoaPods installation.\" >&2\n    exit 1\nfi\n# This output is used by Xcode 'outputs' to avoid re-running this script phase.\necho \"SUCCESS\" > \"${SCRIPT_OUTPUT_FILE_0}\"\n";
			showEnvVarsInLog = 0;
		};
/* End PBXShellScriptBuildPhase section */

/* Begin PBXSourcesBuildPhase section */
		BA2BC72223DD9866001243EB /* Sources */ = {
			isa = PBXSourcesBuildPhase;
			buildActionMask = 2147483647;
			files = (
				BA2BC72E23DD9866001243EB /* ViewController.swift in Sources */,
				BA2BC75D23DD98EF001243EB /* ExamViewController.swift in Sources */,
				BA2BC76323DDBC6E001243EB /* CustomNavigationView.swift in Sources */,
				BA2BC72A23DD9866001243EB /* AppDelegate.swift in Sources */,
				BA2BC72C23DD9866001243EB /* SceneDelegate.swift in Sources */,
				BA2BC76523DDBE26001243EB /* R.generated.swift in Sources */,
			);
			runOnlyForDeploymentPostprocessing = 0;
		};
		BA2BC73823DD9868001243EB /* Sources */ = {
			isa = PBXSourcesBuildPhase;
			buildActionMask = 2147483647;
			files = (
				BA2BC74123DD9868001243EB /* EvangVitalDataTests.swift in Sources */,
			);
			runOnlyForDeploymentPostprocessing = 0;
		};
		BA2BC74323DD9868001243EB /* Sources */ = {
			isa = PBXSourcesBuildPhase;
			buildActionMask = 2147483647;
			files = (
				BA2BC74C23DD9868001243EB /* EvangVitalDataUITests.swift in Sources */,
			);
			runOnlyForDeploymentPostprocessing = 0;
		};
/* End PBXSourcesBuildPhase section */

/* Begin PBXTargetDependency section */
		BA2BC73E23DD9868001243EB /* PBXTargetDependency */ = {
			isa = PBXTargetDependency;
			target = BA2BC72523DD9866001243EB /* EvangVitalData */;
			targetProxy = BA2BC73D23DD9868001243EB /* PBXContainerItemProxy */;
		};
		BA2BC74923DD9868001243EB /* PBXTargetDependency */ = {
			isa = PBXTargetDependency;
			target = BA2BC72523DD9866001243EB /* EvangVitalData */;
			targetProxy = BA2BC74823DD9868001243EB /* PBXContainerItemProxy */;
		};
/* End PBXTargetDependency section */

/* Begin PBXVariantGroup section */
		BA2BC72F23DD9866001243EB /* Main.storyboard */ = {
			isa = PBXVariantGroup;
			children = (
				BA2BC73023DD9866001243EB /* Base */,
			);
			name = Main.storyboard;
			sourceTree = "<group>";
		};
		BA2BC73423DD9868001243EB /* LaunchScreen.storyboard */ = {
			isa = PBXVariantGroup;
			children = (
				BA2BC73523DD9868001243EB /* Base */,
			);
			name = LaunchScreen.storyboard;
			sourceTree = "<group>";
		};
/* End PBXVariantGroup section */

/* Begin XCBuildConfiguration section */
		BA2BC74E23DD9868001243EB /* Debug */ = {
			isa = XCBuildConfiguration;
			buildSettings = {
				ALWAYS_SEARCH_USER_PATHS = NO;
				CLANG_ANALYZER_NONNULL = YES;
				CLANG_ANALYZER_NUMBER_OBJECT_CONVERSION = YES_AGGRESSIVE;
				CLANG_CXX_LANGUAGE_STANDARD = "gnu++14";
				CLANG_CXX_LIBRARY = "libc++";
				CLANG_ENABLE_MODULES = YES;
				CLANG_ENABLE_OBJC_ARC = YES;
				CLANG_ENABLE_OBJC_WEAK = YES;
				CLANG_WARN_BLOCK_CAPTURE_AUTORELEASING = YES;
				CLANG_WARN_BOOL_CONVERSION = YES;
				CLANG_WARN_COMMA = YES;
				CLANG_WARN_CONSTANT_CONVERSION = YES;
				CLANG_WARN_DEPRECATED_OBJC_IMPLEMENTATIONS = YES;
				CLANG_WARN_DIRECT_OBJC_ISA_USAGE = YES_ERROR;
				CLANG_WARN_DOCUMENTATION_COMMENTS = YES;
				CLANG_WARN_EMPTY_BODY = YES;
				CLANG_WARN_ENUM_CONVERSION = YES;
				CLANG_WARN_INFINITE_RECURSION = YES;
				CLANG_WARN_INT_CONVERSION = YES;
				CLANG_WARN_NON_LITERAL_NULL_CONVERSION = YES;
				CLANG_WARN_OBJC_IMPLICIT_RETAIN_SELF = YES;
				CLANG_WARN_OBJC_LITERAL_CONVERSION = YES;
				CLANG_WARN_OBJC_ROOT_CLASS = YES_ERROR;
				CLANG_WARN_RANGE_LOOP_ANALYSIS = YES;
				CLANG_WARN_STRICT_PROTOTYPES = YES;
				CLANG_WARN_SUSPICIOUS_MOVE = YES;
				CLANG_WARN_UNGUARDED_AVAILABILITY = YES_AGGRESSIVE;
				CLANG_WARN_UNREACHABLE_CODE = YES;
				CLANG_WARN__DUPLICATE_METHOD_MATCH = YES;
				COPY_PHASE_STRIP = NO;
				DEBUG_INFORMATION_FORMAT = dwarf;
				ENABLE_STRICT_OBJC_MSGSEND = YES;
				ENABLE_TESTABILITY = YES;
				GCC_C_LANGUAGE_STANDARD = gnu11;
				GCC_DYNAMIC_NO_PIC = NO;
				GCC_NO_COMMON_BLOCKS = YES;
				GCC_OPTIMIZATION_LEVEL = 0;
				GCC_PREPROCESSOR_DEFINITIONS = (
					"DEBUG=1",
					"$(inherited)",
				);
				GCC_WARN_64_TO_32_BIT_CONVERSION = YES;
				GCC_WARN_ABOUT_RETURN_TYPE = YES_ERROR;
				GCC_WARN_UNDECLARED_SELECTOR = YES;
				GCC_WARN_UNINITIALIZED_AUTOS = YES_AGGRESSIVE;
				GCC_WARN_UNUSED_FUNCTION = YES;
				GCC_WARN_UNUSED_VARIABLE = YES;
				IPHONEOS_DEPLOYMENT_TARGET = 13.0;
				MTL_ENABLE_DEBUG_INFO = INCLUDE_SOURCE;
				MTL_FAST_MATH = YES;
				ONLY_ACTIVE_ARCH = YES;
				SDKROOT = iphoneos;
				SWIFT_ACTIVE_COMPILATION_CONDITIONS = DEBUG;
				SWIFT_OPTIMIZATION_LEVEL = "-Onone";
			};
			name = Debug;
		};
		BA2BC74F23DD9868001243EB /* Release */ = {
			isa = XCBuildConfiguration;
			buildSettings = {
				ALWAYS_SEARCH_USER_PATHS = NO;
				CLANG_ANALYZER_NONNULL = YES;
				CLANG_ANALYZER_NUMBER_OBJECT_CONVERSION = YES_AGGRESSIVE;
				CLANG_CXX_LANGUAGE_STANDARD = "gnu++14";
				CLANG_CXX_LIBRARY = "libc++";
				CLANG_ENABLE_MODULES = YES;
				CLANG_ENABLE_OBJC_ARC = YES;
				CLANG_ENABLE_OBJC_WEAK = YES;
				CLANG_WARN_BLOCK_CAPTURE_AUTORELEASING = YES;
				CLANG_WARN_BOOL_CONVERSION = YES;
				CLANG_WARN_COMMA = YES;
				CLANG_WARN_CONSTANT_CONVERSION = YES;
				CLANG_WARN_DEPRECATED_OBJC_IMPLEMENTATIONS = YES;
				CLANG_WARN_DIRECT_OBJC_ISA_USAGE = YES_ERROR;
				CLANG_WARN_DOCUMENTATION_COMMENTS = YES;
				CLANG_WARN_EMPTY_BODY = YES;
				CLANG_WARN_ENUM_CONVERSION = YES;
				CLANG_WARN_INFINITE_RECURSION = YES;
				CLANG_WARN_INT_CONVERSION = YES;
				CLANG_WARN_NON_LITERAL_NULL_CONVERSION = YES;
				CLANG_WARN_OBJC_IMPLICIT_RETAIN_SELF = YES;
				CLANG_WARN_OBJC_LITERAL_CONVERSION = YES;
				CLANG_WARN_OBJC_ROOT_CLASS = YES_ERROR;
				CLANG_WARN_RANGE_LOOP_ANALYSIS = YES;
				CLANG_WARN_STRICT_PROTOTYPES = YES;
				CLANG_WARN_SUSPICIOUS_MOVE = YES;
				CLANG_WARN_UNGUARDED_AVAILABILITY = YES_AGGRESSIVE;
				CLANG_WARN_UNREACHABLE_CODE = YES;
				CLANG_WARN__DUPLICATE_METHOD_MATCH = YES;
				COPY_PHASE_STRIP = NO;
				DEBUG_INFORMATION_FORMAT = "dwarf-with-dsym";
				ENABLE_NS_ASSERTIONS = NO;
				ENABLE_STRICT_OBJC_MSGSEND = YES;
				GCC_C_LANGUAGE_STANDARD = gnu11;
				GCC_NO_COMMON_BLOCKS = YES;
				GCC_WARN_64_TO_32_BIT_CONVERSION = YES;
				GCC_WARN_ABOUT_RETURN_TYPE = YES_ERROR;
				GCC_WARN_UNDECLARED_SELECTOR = YES;
				GCC_WARN_UNINITIALIZED_AUTOS = YES_AGGRESSIVE;
				GCC_WARN_UNUSED_FUNCTION = YES;
				GCC_WARN_UNUSED_VARIABLE = YES;
				IPHONEOS_DEPLOYMENT_TARGET = 13.0;
				MTL_ENABLE_DEBUG_INFO = NO;
				MTL_FAST_MATH = YES;
				SDKROOT = iphoneos;
				SWIFT_COMPILATION_MODE = wholemodule;
				SWIFT_OPTIMIZATION_LEVEL = "-O";
				VALIDATE_PRODUCT = YES;
			};
			name = Release;
		};
		BA2BC75123DD9868001243EB /* Debug */ = {
			isa = XCBuildConfiguration;
			baseConfigurationReference = DD8EE485ED484454CFD1ABC5 /* Pods-EvangVitalData.debug.xcconfig */;
			buildSettings = {
				ASSETCATALOG_COMPILER_APPICON_NAME = AppIcon;
				CODE_SIGN_STYLE = Automatic;
				DEVELOPMENT_TEAM = 679U29FZ6S;
				INFOPLIST_FILE = EvangVitalData/Info.plist;
				LD_RUNPATH_SEARCH_PATHS = (
					"$(inherited)",
					"@executable_path/Frameworks",
				);
				PRODUCT_BUNDLE_IDENTIFIER = saenuruki.EvangVitalData;
				PRODUCT_NAME = "$(TARGET_NAME)";
				SWIFT_VERSION = 5.0;
				TARGETED_DEVICE_FAMILY = "1,2";
			};
			name = Debug;
		};
		BA2BC75223DD9868001243EB /* Release */ = {
			isa = XCBuildConfiguration;
			baseConfigurationReference = 1A5585590EDEDADFC476E452 /* Pods-EvangVitalData.release.xcconfig */;
			buildSettings = {
				ASSETCATALOG_COMPILER_APPICON_NAME = AppIcon;
				CODE_SIGN_STYLE = Automatic;
				DEVELOPMENT_TEAM = 679U29FZ6S;
				INFOPLIST_FILE = EvangVitalData/Info.plist;
				LD_RUNPATH_SEARCH_PATHS = (
					"$(inherited)",
					"@executable_path/Frameworks",
				);
				PRODUCT_BUNDLE_IDENTIFIER = saenuruki.EvangVitalData;
				PRODUCT_NAME = "$(TARGET_NAME)";
				SWIFT_VERSION = 5.0;
				TARGETED_DEVICE_FAMILY = "1,2";
			};
			name = Release;
		};
		BA2BC75423DD9868001243EB /* Debug */ = {
			isa = XCBuildConfiguration;
			baseConfigurationReference = 51CF814CBDF2C8F43A443930 /* Pods-EvangVitalDataTests.debug.xcconfig */;
			buildSettings = {
				ALWAYS_EMBED_SWIFT_STANDARD_LIBRARIES = YES;
				BUNDLE_LOADER = "$(TEST_HOST)";
				CODE_SIGN_STYLE = Automatic;
				DEVELOPMENT_TEAM = 679U29FZ6S;
				INFOPLIST_FILE = EvangVitalDataTests/Info.plist;
				IPHONEOS_DEPLOYMENT_TARGET = 13.2;
				LD_RUNPATH_SEARCH_PATHS = (
					"$(inherited)",
					"@executable_path/Frameworks",
					"@loader_path/Frameworks",
				);
				PRODUCT_BUNDLE_IDENTIFIER = saenuruki.EvangVitalDataTests;
				PRODUCT_NAME = "$(TARGET_NAME)";
				SWIFT_VERSION = 5.0;
				TARGETED_DEVICE_FAMILY = "1,2";
				TEST_HOST = "$(BUILT_PRODUCTS_DIR)/EvangVitalData.app/EvangVitalData";
			};
			name = Debug;
		};
		BA2BC75523DD9868001243EB /* Release */ = {
			isa = XCBuildConfiguration;
			baseConfigurationReference = BAD3C9CA01020CC5F9678C48 /* Pods-EvangVitalDataTests.release.xcconfig */;
			buildSettings = {
				ALWAYS_EMBED_SWIFT_STANDARD_LIBRARIES = YES;
				BUNDLE_LOADER = "$(TEST_HOST)";
				CODE_SIGN_STYLE = Automatic;
				DEVELOPMENT_TEAM = 679U29FZ6S;
				INFOPLIST_FILE = EvangVitalDataTests/Info.plist;
				IPHONEOS_DEPLOYMENT_TARGET = 13.2;
				LD_RUNPATH_SEARCH_PATHS = (
					"$(inherited)",
					"@executable_path/Frameworks",
					"@loader_path/Frameworks",
				);
				PRODUCT_BUNDLE_IDENTIFIER = saenuruki.EvangVitalDataTests;
				PRODUCT_NAME = "$(TARGET_NAME)";
				SWIFT_VERSION = 5.0;
				TARGETED_DEVICE_FAMILY = "1,2";
				TEST_HOST = "$(BUILT_PRODUCTS_DIR)/EvangVitalData.app/EvangVitalData";
			};
			name = Release;
		};
		BA2BC75723DD9868001243EB /* Debug */ = {
			isa = XCBuildConfiguration;
			baseConfigurationReference = DB6B6FE36D325BDBE8FA0343 /* Pods-EvangVitalData-EvangVitalDataUITests.debug.xcconfig */;
			buildSettings = {
				ALWAYS_EMBED_SWIFT_STANDARD_LIBRARIES = YES;
				CODE_SIGN_STYLE = Automatic;
				DEVELOPMENT_TEAM = 679U29FZ6S;
				INFOPLIST_FILE = EvangVitalDataUITests/Info.plist;
				LD_RUNPATH_SEARCH_PATHS = (
					"$(inherited)",
					"@executable_path/Frameworks",
					"@loader_path/Frameworks",
				);
				PRODUCT_BUNDLE_IDENTIFIER = saenuruki.EvangVitalDataUITests;
				PRODUCT_NAME = "$(TARGET_NAME)";
				SWIFT_VERSION = 5.0;
				TARGETED_DEVICE_FAMILY = "1,2";
				TEST_TARGET_NAME = EvangVitalData;
			};
			name = Debug;
		};
		BA2BC75823DD9868001243EB /* Release */ = {
			isa = XCBuildConfiguration;
			baseConfigurationReference = 6D625CB565DCAB2F2649EF90 /* Pods-EvangVitalData-EvangVitalDataUITests.release.xcconfig */;
			buildSettings = {
				ALWAYS_EMBED_SWIFT_STANDARD_LIBRARIES = YES;
				CODE_SIGN_STYLE = Automatic;
				DEVELOPMENT_TEAM = 679U29FZ6S;
				INFOPLIST_FILE = EvangVitalDataUITests/Info.plist;
				LD_RUNPATH_SEARCH_PATHS = (
					"$(inherited)",
					"@executable_path/Frameworks",
					"@loader_path/Frameworks",
				);
				PRODUCT_BUNDLE_IDENTIFIER = saenuruki.EvangVitalDataUITests;
				PRODUCT_NAME = "$(TARGET_NAME)";
				SWIFT_VERSION = 5.0;
				TARGETED_DEVICE_FAMILY = "1,2";
				TEST_TARGET_NAME = EvangVitalData;
			};
			name = Release;
		};
/* End XCBuildConfiguration section */

/* Begin XCConfigurationList section */
		BA2BC72123DD9866001243EB /* Build configuration list for PBXProject "EvangVitalData" */ = {
			isa = XCConfigurationList;
			buildConfigurations = (
				BA2BC74E23DD9868001243EB /* Debug */,
				BA2BC74F23DD9868001243EB /* Release */,
			);
			defaultConfigurationIsVisible = 0;
			defaultConfigurationName = Release;
		};
		BA2BC75023DD9868001243EB /* Build configuration list for PBXNativeTarget "EvangVitalData" */ = {
			isa = XCConfigurationList;
			buildConfigurations = (
				BA2BC75123DD9868001243EB /* Debug */,
				BA2BC75223DD9868001243EB /* Release */,
			);
			defaultConfigurationIsVisible = 0;
			defaultConfigurationName = Release;
		};
		BA2BC75323DD9868001243EB /* Build configuration list for PBXNativeTarget "EvangVitalDataTests" */ = {
			isa = XCConfigurationList;
			buildConfigurations = (
				BA2BC75423DD9868001243EB /* Debug */,
				BA2BC75523DD9868001243EB /* Release */,
			);
			defaultConfigurationIsVisible = 0;
			defaultConfigurationName = Release;
		};
		BA2BC75623DD9868001243EB /* Build configuration list for PBXNativeTarget "EvangVitalDataUITests" */ = {
			isa = XCConfigurationList;
			buildConfigurations = (
				BA2BC75723DD9868001243EB /* Debug */,
				BA2BC75823DD9868001243EB /* Release */,
			);
			defaultConfigurationIsVisible = 0;
			defaultConfigurationName = Release;
		};
/* End XCConfigurationList section */
	};
	rootObject = BA2BC71E23DD9866001243EB /* Project object */;
}
